// !$*UTF8*$!
{
	archiveVersion = 1;
	classes = {
	};
	objectVersion = 46;
	objects = {

/* Begin PBXBuildFile section */
		7845429218B93F4E00DDCA0B /* Foundation.framework in Frameworks */ = {isa = PBXBuildFile; fileRef = 7845429118B93F4E00DDCA0B /* Foundation.framework */; };
		7845429418B93F4E00DDCA0B /* CoreGraphics.framework in Frameworks */ = {isa = PBXBuildFile; fileRef = 7845429318B93F4E00DDCA0B /* CoreGraphics.framework */; };
		7845429618B93F4E00DDCA0B /* UIKit.framework in Frameworks */ = {isa = PBXBuildFile; fileRef = 7845429518B93F4E00DDCA0B /* UIKit.framework */; };
		7845429C18B93F4E00DDCA0B /* InfoPlist.strings in Resources */ = {isa = PBXBuildFile; fileRef = 7845429A18B93F4E00DDCA0B /* InfoPlist.strings */; };
		7845429E18B93F4E00DDCA0B /* main.m in Sources */ = {isa = PBXBuildFile; fileRef = 7845429D18B93F4E00DDCA0B /* main.m */; };
		784542A218B93F4E00DDCA0B /* AppDelegate.m in Sources */ = {isa = PBXBuildFile; fileRef = 784542A118B93F4E00DDCA0B /* AppDelegate.m */; };
		784542A518B93F4E00DDCA0B /* Main.storyboard in Resources */ = {isa = PBXBuildFile; fileRef = 784542A318B93F4E00DDCA0B /* Main.storyboard */; };
		784542A818B93F4E00DDCA0B /* ViewController.m in Sources */ = {isa = PBXBuildFile; fileRef = 784542A718B93F4E00DDCA0B /* ViewController.m */; };
		784542AA18B93F4E00DDCA0B /* Images.xcassets in Resources */ = {isa = PBXBuildFile; fileRef = 784542A918B93F4E00DDCA0B /* Images.xcassets */; };
		784542B118B93F4E00DDCA0B /* XCTest.framework in Frameworks */ = {isa = PBXBuildFile; fileRef = 784542B018B93F4E00DDCA0B /* XCTest.framework */; };
		784542B218B93F4E00DDCA0B /* Foundation.framework in Frameworks */ = {isa = PBXBuildFile; fileRef = 7845429118B93F4E00DDCA0B /* Foundation.framework */; };
		784542B318B93F4E00DDCA0B /* UIKit.framework in Frameworks */ = {isa = PBXBuildFile; fileRef = 7845429518B93F4E00DDCA0B /* UIKit.framework */; };
		784542BB18B93F4E00DDCA0B /* InfoPlist.strings in Resources */ = {isa = PBXBuildFile; fileRef = 784542B918B93F4E00DDCA0B /* InfoPlist.strings */; };
		784542BD18B93F4E00DDCA0B /* TestTests.m in Sources */ = {isa = PBXBuildFile; fileRef = 784542BC18B93F4E00DDCA0B /* TestTests.m */; };
/* End PBXBuildFile section */

/* Begin PBXContainerItemProxy section */
		784542B418B93F4E00DDCA0B /* PBXContainerItemProxy */ = {
			isa = PBXContainerItemProxy;
			containerPortal = 7845428618B93F4D00DDCA0B /* Project object */;
			proxyType = 1;
			remoteGlobalIDString = 7845428D18B93F4D00DDCA0B;
			remoteInfo = Test;
		};
/* End PBXContainerItemProxy section */

/* Begin PBXFileReference section */
		7845428E18B93F4E00DDCA0B /* Test.app */ = {isa = PBXFileReference; explicitFileType = wrapper.application; includeInIndex = 0; path = Test.app; sourceTree = BUILT_PRODUCTS_DIR; };
		7845429118B93F4E00DDCA0B /* Foundation.framework */ = {isa = PBXFileReference; lastKnownFileType = wrapper.framework; name = Foundation.framework; path = System/Library/Frameworks/Foundation.framework; sourceTree = SDKROOT; };
		7845429318B93F4E00DDCA0B /* CoreGraphics.framework */ = {isa = PBXFileReference; lastKnownFileType = wrapper.framework; name = CoreGraphics.framework; path = System/Library/Frameworks/CoreGraphics.framework; sourceTree = SDKROOT; };
		7845429518B93F4E00DDCA0B /* UIKit.framework */ = {isa = PBXFileReference; lastKnownFileType = wrapper.framework; name = UIKit.framework; path = System/Library/Frameworks/UIKit.framework; sourceTree = SDKROOT; };
		7845429918B93F4E00DDCA0B /* Test-Info.plist */ = {isa = PBXFileReference; lastKnownFileType = text.plist.xml; path = "Test-Info.plist"; sourceTree = "<group>"; };
		7845429B18B93F4E00DDCA0B /* en */ = {isa = PBXFileReference; lastKnownFileType = text.plist.strings; name = en; path = en.lproj/InfoPlist.strings; sourceTree = "<group>"; };
		7845429D18B93F4E00DDCA0B /* main.m */ = {isa = PBXFileReference; lastKnownFileType = sourcecode.c.objc; path = main.m; sourceTree = "<group>"; };
		7845429F18B93F4E00DDCA0B /* Test-Prefix.pch */ = {isa = PBXFileReference; lastKnownFileType = sourcecode.c.h; path = "Test-Prefix.pch"; sourceTree = "<group>"; };
		784542A018B93F4E00DDCA0B /* AppDelegate.h */ = {isa = PBXFileReference; lastKnownFileType = sourcecode.c.h; path = AppDelegate.h; sourceTree = "<group>"; };
		784542A118B93F4E00DDCA0B /* AppDelegate.m */ = {isa = PBXFileReference; lastKnownFileType = sourcecode.c.objc; path = AppDelegate.m; sourceTree = "<group>"; };
		784542A418B93F4E00DDCA0B /* Base */ = {isa = PBXFileReference; lastKnownFileType = file.storyboard; name = Base; path = Base.lproj/Main.storyboard; sourceTree = "<group>"; };
		784542A618B93F4E00DDCA0B /* ViewController.h */ = {isa = PBXFileReference; lastKnownFileType = sourcecode.c.h; path = ViewController.h; sourceTree = "<group>"; };
		784542A718B93F4E00DDCA0B /* ViewController.m */ = {isa = PBXFileReference; lastKnownFileType = sourcecode.c.objc; path = ViewController.m; sourceTree = "<group>"; };
		784542A918B93F4E00DDCA0B /* Images.xcassets */ = {isa = PBXFileReference; lastKnownFileType = folder.assetcatalog; path = Images.xcassets; sourceTree = "<group>"; };
		784542AF18B93F4E00DDCA0B /* TestTests.xctest */ = {isa = PBXFileReference; explicitFileType = wrapper.cfbundle; includeInIndex = 0; path = TestTests.xctest; sourceTree = BUILT_PRODUCTS_DIR; };
		784542B018B93F4E00DDCA0B /* XCTest.framework */ = {isa = PBXFileReference; lastKnownFileType = wrapper.framework; name = XCTest.framework; path = Library/Frameworks/XCTest.framework; sourceTree = DEVELOPER_DIR; };
		784542B818B93F4E00DDCA0B /* TestTests-Info.plist */ = {isa = PBXFileReference; lastKnownFileType = text.plist.xml; path = "TestTests-Info.plist"; sourceTree = "<group>"; };
		784542BA18B93F4E00DDCA0B /* en */ = {isa = PBXFileReference; lastKnownFileType = text.plist.strings; name = en; path = en.lproj/InfoPlist.strings; sourceTree = "<group>"; };
		784542BC18B93F4E00DDCA0B /* TestTests.m */ = {isa = PBXFileReference; lastKnownFileType = sourcecode.c.objc; path = TestTests.m; sourceTree = "<group>"; };
/* End PBXFileReference section */

/* Begin PBXFrameworksBuildPhase section */
		7845428B18B93F4D00DDCA0B /* Frameworks */ = {
			isa = PBXFrameworksBuildPhase;
			buildActionMask = 2147483647;
			files = (
				7845429418B93F4E00DDCA0B /* CoreGraphics.framework in Frameworks */,
				7845429618B93F4E00DDCA0B /* UIKit.framework in Frameworks */,
				7845429218B93F4E00DDCA0B /* Foundation.framework in Frameworks */,
			);
			runOnlyForDeploymentPostprocessing = 0;
		};
		784542AC18B93F4E00DDCA0B /* Frameworks */ = {
			isa = PBXFrameworksBuildPhase;
			buildActionMask = 2147483647;
			files = (
				784542B118B93F4E00DDCA0B /* XCTest.framework in Frameworks */,
				784542B318B93F4E00DDCA0B /* UIKit.framework in Frameworks */,
				784542B218B93F4E00DDCA0B /* Foundation.framework in Frameworks */,
			);
			runOnlyForDeploymentPostprocessing = 0;
		};
/* End PBXFrameworksBuildPhase section */

/* Begin PBXGroup section */
		7845428518B93F4D00DDCA0B = {
			isa = PBXGroup;
			children = (
				7845429718B93F4E00DDCA0B /* Test */,
				784542B618B93F4E00DDCA0B /* TestTests */,
				7845429018B93F4E00DDCA0B /* Frameworks */,
				7845428F18B93F4E00DDCA0B /* Products */,
			);
			sourceTree = "<group>";
		};
		7845428F18B93F4E00DDCA0B /* Products */ = {
			isa = PBXGroup;
			children = (
				7845428E18B93F4E00DDCA0B /* Test.app */,
				784542AF18B93F4E00DDCA0B /* TestTests.xctest */,
			);
			name = Products;
			sourceTree = "<group>";
		};
		7845429018B93F4E00DDCA0B /* Frameworks */ = {
			isa = PBXGroup;
			children = (
				7845429118B93F4E00DDCA0B /* Foundation.framework */,
				7845429318B93F4E00DDCA0B /* CoreGraphics.framework */,
				7845429518B93F4E00DDCA0B /* UIKit.framework */,
				784542B018B93F4E00DDCA0B /* XCTest.framework */,
			);
			name = Frameworks;
			sourceTree = "<group>";
		};
		7845429718B93F4E00DDCA0B /* Test */ = {
			isa = PBXGroup;
			children = (
				784542A018B93F4E00DDCA0B /* AppDelegate.h */,
				784542A118B93F4E00DDCA0B /* AppDelegate.m */,
				784542A318B93F4E00DDCA0B /* Main.storyboard */,
				784542A618B93F4E00DDCA0B /* ViewController.h */,
				784542A718B93F4E00DDCA0B /* ViewController.m */,
				784542A918B93F4E00DDCA0B /* Images.xcassets */,
				7845429818B93F4E00DDCA0B /* Supporting Files */,
			);
			path = Test;
			sourceTree = "<group>";
		};
		7845429818B93F4E00DDCA0B /* Supporting Files */ = {
			isa = PBXGroup;
			children = (
				7845429918B93F4E00DDCA0B /* Test-Info.plist */,
				7845429A18B93F4E00DDCA0B /* InfoPlist.strings */,
				7845429D18B93F4E00DDCA0B /* main.m */,
				7845429F18B93F4E00DDCA0B /* Test-Prefix.pch */,
			);
			name = "Supporting Files";
			sourceTree = "<group>";
		};
		784542B618B93F4E00DDCA0B /* TestTests */ = {
			isa = PBXGroup;
			children = (
				784542BC18B93F4E00DDCA0B /* TestTests.m */,
				784542B718B93F4E00DDCA0B /* Supporting Files */,
			);
			path = TestTests;
			sourceTree = "<group>";
		};
		784542B718B93F4E00DDCA0B /* Supporting Files */ = {
			isa = PBXGroup;
			children = (
				784542B818B93F4E00DDCA0B /* TestTests-Info.plist */,
				784542B918B93F4E00DDCA0B /* InfoPlist.strings */,
			);
			name = "Supporting Files";
			sourceTree = "<group>";
		};
/* End PBXGroup section */

/* Begin PBXNativeTarget section */
		7845428D18B93F4D00DDCA0B /* Test */ = {
			isa = PBXNativeTarget;
			buildConfigurationList = 784542C018B93F4E00DDCA0B /* Build configuration list for PBXNativeTarget "Test" */;
			buildPhases = (
				7845428A18B93F4D00DDCA0B /* Sources */,
				7845428B18B93F4D00DDCA0B /* Frameworks */,
				7845428C18B93F4D00DDCA0B /* Resources */,
			);
			buildRules = (
			);
			dependencies = (
			);
			name = Test;
			productName = Test;
			productReference = 7845428E18B93F4E00DDCA0B /* Test.app */;
			productType = "com.apple.product-type.application";
		};
		784542AE18B93F4E00DDCA0B /* TestTests */ = {
			isa = PBXNativeTarget;
			buildConfigurationList = 784542C318B93F4E00DDCA0B /* Build configuration list for PBXNativeTarget "TestTests" */;
			buildPhases = (
				784542AB18B93F4E00DDCA0B /* Sources */,
				784542AC18B93F4E00DDCA0B /* Frameworks */,
				784542AD18B93F4E00DDCA0B /* Resources */,
			);
			buildRules = (
			);
			dependencies = (
				784542B518B93F4E00DDCA0B /* PBXTargetDependency */,
			);
			name = TestTests;
			productName = TestTests;
			productReference = 784542AF18B93F4E00DDCA0B /* TestTests.xctest */;
			productType = "com.apple.product-type.bundle.unit-test";
		};
/* End PBXNativeTarget section */

/* Begin PBXProject section */
		7845428618B93F4D00DDCA0B /* Project object */ = {
			isa = PBXProject;
			attributes = {
				LastUpgradeCheck = 0500;
				ORGANIZATIONNAME = "Tushar Mangwani";
				TargetAttributes = {
					784542AE18B93F4E00DDCA0B = {
						TestTargetID = 7845428D18B93F4D00DDCA0B;
					};
				};
			};
			buildConfigurationList = 7845428918B93F4D00DDCA0B /* Build configuration list for PBXProject "Test" */;
			compatibilityVersion = "Xcode 3.2";
			developmentRegion = English;
			hasScannedForEncodings = 0;
			knownRegions = (
				en,
				Base,
			);
			mainGroup = 7845428518B93F4D00DDCA0B;
			productRefGroup = 7845428F18B93F4E00DDCA0B /* Products */;
			projectDirPath = "";
			projectRoot = "";
			targets = (
				7845428D18B93F4D00DDCA0B /* Test */,
				784542AE18B93F4E00DDCA0B /* TestTests */,
			);
		};
/* End PBXProject section */

/* Begin PBXResourcesBuildPhase section */
		7845428C18B93F4D00DDCA0B /* Resources */ = {
			isa = PBXResourcesBuildPhase;
			buildActionMask = 2147483647;
			files = (
				784542AA18B93F4E00DDCA0B /* Images.xcassets in Resources */,
				7845429C18B93F4E00DDCA0B /* InfoPlist.strings in Resources */,
				784542A518B93F4E00DDCA0B /* Main.storyboard in Resources */,
			);
			runOnlyForDeploymentPostprocessing = 0;
		};
		784542AD18B93F4E00DDCA0B /* Resources */ = {
			isa = PBXResourcesBuildPhase;
			buildActionMask = 2147483647;
			files = (
				784542BB18B93F4E00DDCA0B /* InfoPlist.strings in Resources */,
			);
			runOnlyForDeploymentPostprocessing = 0;
		};
/* End PBXResourcesBuildPhase section */

/* Begin PBXSourcesBuildPhase section */
		7845428A18B93F4D00DDCA0B /* Sources */ = {
			isa = PBXSourcesBuildPhase;
			buildActionMask = 2147483647;
			files = (
				784542A818B93F4E00DDCA0B /* ViewController.m in Sources */,
				784542A218B93F4E00DDCA0B /* AppDelegate.m in Sources */,
				7845429E18B93F4E00DDCA0B /* main.m in Sources */,
			);
			runOnlyForDeploymentPostprocessing = 0;
		};
		784542AB18B93F4E00DDCA0B /* Sources */ = {
			isa = PBXSourcesBuildPhase;
			buildActionMask = 2147483647;
			files = (
				784542BD18B93F4E00DDCA0B /* TestTests.m in Sources */,
			);
			runOnlyForDeploymentPostprocessing = 0;
		};
/* End PBXSourcesBuildPhase section */

/* Begin PBXTargetDependency section */
		784542B518B93F4E00DDCA0B /* PBXTargetDependency */ = {
			isa = PBXTargetDependency;
			target = 7845428D18B93F4D00DDCA0B /* Test */;
			targetProxy = 784542B418B93F4E00DDCA0B /* PBXContainerItemProxy */;
		};
/* End PBXTargetDependency section */

/* Begin PBXVariantGroup section */
		7845429A18B93F4E00DDCA0B /* InfoPlist.strings */ = {
			isa = PBXVariantGroup;
			children = (
				7845429B18B93F4E00DDCA0B /* en */,
			);
			name = InfoPlist.strings;
			sourceTree = "<group>";
		};
		784542A318B93F4E00DDCA0B /* Main.storyboard */ = {
			isa = PBXVariantGroup;
			children = (
				784542A418B93F4E00DDCA0B /* Base */,
			);
			name = Main.storyboard;
			sourceTree = "<group>";
		};
		784542B918B93F4E00DDCA0B /* InfoPlist.strings */ = {
			isa = PBXVariantGroup;
			children = (
				784542BA18B93F4E00DDCA0B /* en */,
			);
			name = InfoPlist.strings;
			sourceTree = "<group>";
		};
/* End PBXVariantGroup section */

/* Begin XCBuildConfiguration section */
		784542BE18B93F4E00DDCA0B /* Debug */ = {
			isa = XCBuildConfiguration;
			buildSettings = {
				ALWAYS_SEARCH_USER_PATHS = NO;
				ARCHS = "$(ARCHS_STANDARD_INCLUDING_64_BIT)";
				CLANG_CXX_LANGUAGE_STANDARD = "gnu++0x";
				CLANG_CXX_LIBRARY = "libc++";
				CLANG_ENABLE_MODULES = YES;
				CLANG_ENABLE_OBJC_ARC = YES;
				CLANG_WARN_BOOL_CONVERSION = YES;
				CLANG_WARN_CONSTANT_CONVERSION = YES;
				CLANG_WARN_DIRECT_OBJC_ISA_USAGE = YES_ERROR;
				CLANG_WARN_EMPTY_BODY = YES;
				CLANG_WARN_ENUM_CONVERSION = YES;
				CLANG_WARN_INT_CONVERSION = YES;
				CLANG_WARN_OBJC_ROOT_CLASS = YES_ERROR;
				CLANG_WARN__DUPLICATE_METHOD_MATCH = YES;
				"CODE_SIGN_IDENTITY[sdk=iphoneos*]" = "iPhone Developer";
				COPY_PHASE_STRIP = NO;
				GCC_C_LANGUAGE_STANDARD = gnu99;
				GCC_DYNAMIC_NO_PIC = NO;
				GCC_OPTIMIZATION_LEVEL = 0;
				GCC_PREPROCESSOR_DEFINITIONS = (
					"DEBUG=1",
					"$(inherited)",
				);
				GCC_SYMBOLS_PRIVATE_EXTERN = NO;
				GCC_WARN_64_TO_32_BIT_CONVERSION = YES;
				GCC_WARN_ABOUT_RETURN_TYPE = YES_ERROR;
				GCC_WARN_UNDECLARED_SELECTOR = YES;
				GCC_WARN_UNINITIALIZED_AUTOS = YES;
				GCC_WARN_UNUSED_FUNCTION = YES;
				GCC_WARN_UNUSED_VARIABLE = YES;
				IPHONEOS_DEPLOYMENT_TARGET = 7.0;
				ONLY_ACTIVE_ARCH = YES;
				SDKROOT = iphoneos;
			};
			name = Debug;
		};
		784542BF18B93F4E00DDCA0B /* Release */ = {
			isa = XCBuildConfiguration;
			buildSettings = {
				ALWAYS_SEARCH_USER_PATHS = NO;
				ARCHS = "$(ARCHS_STANDARD_INCLUDING_64_BIT)";
				CLANG_CXX_LANGUAGE_STANDARD = "gnu++0x";
				CLANG_CXX_LIBRARY = "libc++";
				CLANG_ENABLE_MODULES = YES;
				CLANG_ENABLE_OBJC_ARC = YES;
				CLANG_WARN_BOOL_CONVERSION = YES;
				CLANG_WARN_CONSTANT_CONVERSION = YES;
				CLANG_WARN_DIRECT_OBJC_ISA_USAGE = YES_ERROR;
				CLANG_WARN_EMPTY_BODY = YES;
				CLANG_WARN_ENUM_CONVERSION = YES;
				CLANG_WARN_INT_CONVERSION = YES;
				CLANG_WARN_OBJC_ROOT_CLASS = YES_ERROR;
				CLANG_WARN__DUPLICATE_METHOD_MATCH = YES;
				"CODE_SIGN_IDENTITY[sdk=iphoneos*]" = "iPhone Developer";
				COPY_PHASE_STRIP = YES;
				ENABLE_NS_ASSERTIONS = NO;
				GCC_C_LANGUAGE_STANDARD = gnu99;
				GCC_WARN_64_TO_32_BIT_CONVERSION = YES;
				GCC_WARN_ABOUT_RETURN_TYPE = YES_ERROR;
				GCC_WARN_UNDECLARED_SELECTOR = YES;
				GCC_WARN_UNINITIALIZED_AUTOS = YES;
				GCC_WARN_UNUSED_FUNCTION = YES;
				GCC_WARN_UNUSED_VARIABLE = YES;
				IPHONEOS_DEPLOYMENT_TARGET = 7.0;
				SDKROOT = iphoneos;
				VALIDATE_PRODUCT = YES;
			};
			name = Release;
		};
		784542C118B93F4E00DDCA0B /* Debug */ = {
			isa = XCBuildConfiguration;
			buildSettings = {
				ASSETCATALOG_COMPILER_APPICON_NAME = AppIcon;
				ASSETCATALOG_COMPILER_LAUNCHIMAGE_NAME = LaunchImage;
				GCC_PRECOMPILE_PREFIX_HEADER = YES;
				GCC_PREFIX_HEADER = "Test/Test-Prefix.pch";
				INFOPLIST_FILE = "Test/Test-Info.plist";
				PRODUCT_NAME = "$(TARGET_NAME)";
				WRAPPER_EXTENSION = app;
			};
			name = Debug;
		};
		784542C218B93F4E00DDCA0B /* Release */ = {
			isa = XCBuildConfiguration;
			buildSettings = {
				ASSETCATALOG_COMPILER_APPICON_NAME = AppIcon;
				ASSETCATALOG_COMPILER_LAUNCHIMAGE_NAME = LaunchImage;
				GCC_PRECOMPILE_PREFIX_HEADER = YES;
				GCC_PREFIX_HEADER = "Test/Test-Prefix.pch";
				INFOPLIST_FILE = "Test/Test-Info.plist";
				PRODUCT_NAME = "$(TARGET_NAME)";
				WRAPPER_EXTENSION = app;
			};
			name = Release;
		};
		784542C418B93F4E00DDCA0B /* Debug */ = {
			isa = XCBuildConfiguration;
			buildSettings = {
				ARCHS = "$(ARCHS_STANDARD_INCLUDING_64_BIT)";
				BUNDLE_LOADER = "$(BUILT_PRODUCTS_DIR)/Test.app/Test";
				FRAMEWORK_SEARCH_PATHS = (
					"$(SDKROOT)/Developer/Library/Frameworks",
					"$(inherited)",
					"$(DEVELOPER_FRAMEWORKS_DIR)",
				);
				GCC_PRECOMPILE_PREFIX_HEADER = YES;
				GCC_PREFIX_HEADER = "Test/Test-Prefix.pch";
				GCC_PREPROCESSOR_DEFINITIONS = (
					"DEBUG=1",
					"$(inherited)",
				);
				INFOPLIST_FILE = "TestTests/TestTests-Info.plist";
				PRODUCT_NAME = "$(TARGET_NAME)";
				TEST_HOST = "$(BUNDLE_LOADER)";
				WRAPPER_EXTENSION = xctest;
			};
			name = Debug;
		};
		784542C518B93F4E00DDCA0B /* Release */ = {
			isa = XCBuildConfiguration;
			buildSettings = {
				ARCHS = "$(ARCHS_STANDARD_INCLUDING_64_BIT)";
				BUNDLE_LOADER = "$(BUILT_PRODUCTS_DIR)/Test.app/Test";
				FRAMEWORK_SEARCH_PATHS = (
					"$(SDKROOT)/Developer/Library/Frameworks",
					"$(inherited)",
					"$(DEVELOPER_FRAMEWORKS_DIR)",
				);
				GCC_PRECOMPILE_PREFIX_HEADER = YES;
				GCC_PREFIX_HEADER = "Test/Test-Prefix.pch";
				INFOPLIST_FILE = "TestTests/TestTests-Info.plist";
				PRODUCT_NAME = "$(TARGET_NAME)";
				TEST_HOST = "$(BUNDLE_LOADER)";
				WRAPPER_EXTENSION = xctest;
			};
			name = Release;
		};
/* End XCBuildConfiguration section */

/* Begin XCConfigurationList section */
		7845428918B93F4D00DDCA0B /* Build configuration list for PBXProject "Test" */ = {
			isa = XCConfigurationList;
			buildConfigurations = (
				784542BE18B93F4E00DDCA0B /* Debug */,
				784542BF18B93F4E00DDCA0B /* Release */,
			);
			defaultConfigurationIsVisible = 0;
			defaultConfigurationName = Release;
		};
		784542C018B93F4E00DDCA0B /* Build configuration list for PBXNativeTarget "Test" */ = {
			isa = XCConfigurationList;
			buildConfigurations = (
				784542C118B93F4E00DDCA0B /* Debug */,
				784542C218B93F4E00DDCA0B /* Release */,
			);
			defaultConfigurationIsVisible = 0;
		};
		784542C318B93F4E00DDCA0B /* Build configuration list for PBXNativeTarget "TestTests" */ = {
			isa = XCConfigurationList;
			buildConfigurations = (
				784542C418B93F4E00DDCA0B /* Debug */,
				784542C518B93F4E00DDCA0B /* Release */,
			);
			defaultConfigurationIsVisible = 0;
		};
/* End XCConfigurationList section */
	};
	rootObject = 7845428618B93F4D00DDCA0B /* Project object */;
}
